
Microsoft Visual Studio Solution File, Format Version 12.00
# Visual Studio 14
VisualStudioVersion = 14.0.25420.1
MinimumVisualStudioVersion = 10.0.40219.1
Project("{FAE04EC0-301F-11D3-BF4B-00C04F79EFBC}") = "ClassDemo", "ClassDemo\ClassDemo.csproj", "{3B7B1273-DB8C-449E-B160-37D86AAB62E9}"
EndProject
Project("{FAE04EC0-301F-11D3-BF4B-00C04F79EFBC}") = "MikeWebsite", "MikeWebsite\MikeWebsite.csproj", "{1E3ACF0B-1792-4E80-9C08-CB34A0FFAF3A}"
EndProject
Global
	GlobalSection(SolutionConfigurationPlatforms) = preSolution
		Debug|Any CPU = Debug|Any CPU
		Release|Any CPU = Release|Any CPU
	EndGlobalSection
	GlobalSection(ProjectConfigurationPlatforms) = postSolution
		{3B7B1273-DB8C-449E-B160-37D86AAB62E9}.Debug|Any CPU.ActiveCfg = Debug|Any CPU
		{3B7B1273-DB8C-449E-B160-37D86AAB62E9}.Debug|Any CPU.Build.0 = Debug|Any CPU
		{3B7B1273-DB8C-449E-B160-37D86AAB62E9}.Release|Any CPU.ActiveCfg = Release|Any CPU
		{3B7B1273-DB8C-449E-B160-37D86AAB62E9}.Release|Any CPU.Build.0 = Release|Any CPU
		{1E3ACF0B-1792-4E80-9C08-CB34A0FFAF3A}.Debug|Any CPU.ActiveCfg = Debug|Any CPU
		{1E3ACF0B-1792-4E80-9C08-CB34A0FFAF3A}.Debug|Any CPU.Build.0 = Debug|Any CPU
		{1E3ACF0B-1792-4E80-9C08-CB34A0FFAF3A}.Release|Any CPU.ActiveCfg = Release|Any CPU
		{1E3ACF0B-1792-4E80-9C08-CB34A0FFAF3A}.Release|Any CPU.Build.0 = Release|Any CPU
	EndGlobalSection
	GlobalSection(SolutionProperties) = preSolution
		HideSolutionNode = FALSE
	EndGlobalSection
EndGlobal
